
Microsoft Visual Studio Solution File, Format Version 12.00
# Visual Studio Version 16
VisualStudioVersion = 16.0.29215.179
MinimumVisualStudioVersion = 10.0.40219.1
Project("{FAE04EC0-301F-11D3-BF4B-00C04F79EFBC}") = "Calculator", "Calculator\Calculator.csproj", "{3AACB4CA-D11A-43D8-9BCD-7CF7F9CD6E1E}"
EndProject
Global
	GlobalSection(SolutionConfigurationPlatforms) = preSolution
		Debug|Any CPU = Debug|Any CPU
		Release|Any CPU = Release|Any CPU
	EndGlobalSection
	GlobalSection(ProjectConfigurationPlatforms) = postSolution
		{3AACB4CA-D11A-43D8-9BCD-7CF7F9CD6E1E}.Debug|Any CPU.ActiveCfg = Debug|Any CPU
		{3AACB4CA-D11A-43D8-9BCD-7CF7F9CD6E1E}.Debug|Any CPU.Build.0 = Debug|Any CPU
		{3AACB4CA-D11A-43D8-9BCD-7CF7F9CD6E1E}.Release|Any CPU.ActiveCfg = Release|Any CPU
		{3AACB4CA-D11A-43D8-9BCD-7CF7F9CD6E1E}.Release|Any CPU.Build.0 = Release|Any CPU
	EndGlobalSection
	GlobalSection(SolutionProperties) = preSolution
		HideSolutionNode = FALSE
	EndGlobalSection
	GlobalSection(ExtensibilityGlobals) = postSolution
		SolutionGuid = {1950C5BE-A3BC-4F21-BABD-8191093DAD97}
	EndGlobalSection
EndGlobal
